// !$*UTF8*$!
{
	archiveVersion = 1;
	classes = {
	};
	objectVersion = 46;
	objects = {
/* Begin PBXBuildFile section */
		0207DA581B56EA530066E2B4 /* Images.xcassets in Resources */ = {isa = PBXBuildFile; fileRef = 0207DA571B56EA530066E2B4 /* Images.xcassets */; };
		1D3623260D0F684500981E51 /* AppDelegate.m in Sources */ = {isa = PBXBuildFile; fileRef = 1D3623250D0F684500981E51 /* AppDelegate.m */; };
		1D60589B0D05DD56006BFB54 /* main.m in Sources */ = {isa = PBXBuildFile; fileRef = 29B97316FDCFA39411CA2CEA /* main.m */; };
		301BF552109A68D80062928A /* libCordova.a in Frameworks */ = {isa = PBXBuildFile; fileRef = 301BF535109A57CC0062928A /* libCordova.a */; settings = {ATTRIBUTES = (Required, ); }; };
		302D95F114D2391D003F00A1 /* MainViewController.m in Sources */ = {isa = PBXBuildFile; fileRef = 302D95EF14D2391D003F00A1 /* MainViewController.m */; };
		302D95F214D2391D003F00A1 /* MainViewController.xib in Resources */ = {isa = PBXBuildFile; fileRef = 302D95F014D2391D003F00A1 /* MainViewController.xib */; };
		6AFF5BF91D6E424B00AB3073 /* CDVLaunchScreen.storyboard in Resources */ = {isa = PBXBuildFile; fileRef = 6AFF5BF81D6E424B00AB3073 /* CDVLaunchScreen.storyboard */; };
		6961CE3233C34DD0BB0B56C0 /* ActionSheet.m in Sources */ = {isa = PBXBuildFile; fileRef = 1331F8DB08BD4F668B0F5D14 /* ActionSheet.m */; };
		B5D0BD06D3E348CAA66A4912 /* CDVFile.m in Sources */ = {isa = PBXBuildFile; fileRef = 1D4564870631494EAE36FF66 /* CDVFile.m */; };
		65A1B5F43B4743A9BECEFC8E /* CDVLocalFilesystem.m in Sources */ = {isa = PBXBuildFile; fileRef = 1102BF8961534B0AA2001697 /* CDVLocalFilesystem.m */; };
		A75642E109E3434EA9248A77 /* CDVAssetLibraryFilesystem.m in Sources */ = {isa = PBXBuildFile; fileRef = 5DCAD9BF13D2436D879D96FB /* CDVAssetLibraryFilesystem.m */; };
		CE94C86B1D574C68ABA3FFAF /* CordovaHttpPlugin.m in Sources */ = {isa = PBXBuildFile; fileRef = AA031580FAB342E0908576B9 /* CordovaHttpPlugin.m */; };
		86546AFFB1564C7299B2175C /* TextResponseSerializer.m in Sources */ = {isa = PBXBuildFile; fileRef = 221B48B62D934E8D927DA415 /* TextResponseSerializer.m */; };
		7E8C75E4C0F04CFB9CA6CD9A /* TextRequestSerializer.m in Sources */ = {isa = PBXBuildFile; fileRef = F9CB8CED201044A28BEA756C /* TextRequestSerializer.m */; };
		1A44351C6DC4412B86F52807 /* AFHTTPSessionManager.m in Sources */ = {isa = PBXBuildFile; fileRef = 1C30D38C73434D2B983D70FC /* AFHTTPSessionManager.m */; };
		70F27CC82BBB4E8DB7F90035 /* AFNetworkReachabilityManager.m in Sources */ = {isa = PBXBuildFile; fileRef = DEE6CA9800794418BDFADDC4 /* AFNetworkReachabilityManager.m */; };
		C75E7D75B35C48FA93CAB26B /* AFSecurityPolicy.m in Sources */ = {isa = PBXBuildFile; fileRef = 98830D41A33E4E56AFCBAE65 /* AFSecurityPolicy.m */; };
		7E37DD9C965043B686F95ED7 /* AFURLRequestSerialization.m in Sources */ = {isa = PBXBuildFile; fileRef = 9CB628D2B6E748C4A8696A9A /* AFURLRequestSerialization.m */; };
		47847BFB49134F79B4573A7A /* AFURLResponseSerialization.m in Sources */ = {isa = PBXBuildFile; fileRef = 58C7897FF14B463CB79E4158 /* AFURLResponseSerialization.m */; };
		330B2C71C2074C4DA27FA20E /* AFURLSessionManager.m in Sources */ = {isa = PBXBuildFile; fileRef = 92BBE54C12B244BD8EB35C80 /* AFURLSessionManager.m */; };
		04358196692843568A039B24 /* SDNetworkActivityIndicator.m in Sources */ = {isa = PBXBuildFile; fileRef = 5D30181E7FE84FBA8AFDFC9F /* SDNetworkActivityIndicator.m */; };
		F939F39CBA954D30A7E11118 /* Security.framework in Frameworks */ = {isa = PBXBuildFile; fileRef = 427210308F504CEB950186F6 /* Security.framework */; };
		F3EF937AD6D749499EE58FBE /* SystemConfiguration.framework in Frameworks */ = {isa = PBXBuildFile; fileRef = 8CF9276A49C2460E96BD8123 /* SystemConfiguration.framework */; };
		01DAEF132A7B407195B903EC /* UIImage+CropScaleOrientation.m in Sources */ = {isa = PBXBuildFile; fileRef = 145A4BC86127463B92407B2E /* UIImage+CropScaleOrientation.m */; };
		BE47E699E6664C7C857F44D8 /* CDVCamera.m in Sources */ = {isa = PBXBuildFile; fileRef = D526F4413E34417993A6ACE7 /* CDVCamera.m */; };
		76CE7096ED194C7E9756D79D /* CDVJpegHeaderWriter.m in Sources */ = {isa = PBXBuildFile; fileRef = FF81DCF0352C469EB4E4F4BA /* CDVJpegHeaderWriter.m */; };
		563C08947F9D4EDDB723C93D /* ImageIO.framework in Frameworks */ = {isa = PBXBuildFile; fileRef = 1A0039335677485AA661D006 /* ImageIO.framework */; settings = {ATTRIBUTES = (Weak, ); }; };
		F6173C494E094C848B6584F4 /* CoreLocation.framework in Frameworks */ = {isa = PBXBuildFile; fileRef = A35DF987D3BE4753A529BA3B /* CoreLocation.framework */; };
		55CEA148DF0C41F199D922BD /* AVFoundation.framework in Frameworks */ = {isa = PBXBuildFile; fileRef = 2436815AFA6E4F5AA1F891B3 /* AVFoundation.framework */; };
		D1C8F239CBDD41D0B05BD5D8 /* sqlDB.h in Resources */ = {isa = PBXBuildFile; fileRef = DE177D211FF74026A8814CD0 /* sqlDB.h */; };
		CB2AB34915764EA8B4F32899 /* sqlDB.m in Sources */ = {isa = PBXBuildFile; fileRef = 3C29337281F04CD58CB6788B /* sqlDB.m */; };
		063174942DED48D0B2BA6C55 /* CDVDevice.m in Sources */ = {isa = PBXBuildFile; fileRef = EBD3F88389B94507AB7B0852 /* CDVDevice.m */; };
		4BD7BFC3567748ED851AA1A8 /* APPEmailComposer.m in Sources */ = {isa = PBXBuildFile; fileRef = CFC41F17D9A1481DBB129D15 /* APPEmailComposer.m */; };
		F39D2499BA9B4A4D8F999BED /* APPEmailComposerImpl.m in Sources */ = {isa = PBXBuildFile; fileRef = 02A7CBA95583481192EB097C /* APPEmailComposerImpl.m */; };
		A9743E16F86C477486958B53 /* MessageUI.framework in Frameworks */ = {isa = PBXBuildFile; fileRef = BECBBF9488EF4A0AB17B18FF /* MessageUI.framework */; };
		5F9DCB0765474BA29C77656A /* FileOpener2.m in Sources */ = {isa = PBXBuildFile; fileRef = FB895711850A42018CCD9F36 /* FileOpener2.m */; };
		A908B513F26149288B178026 /* CDVFileTransfer.m in Sources */ = {isa = PBXBuildFile; fileRef = AD325A24D9984EB18A4FF3AA /* CDVFileTransfer.m */; };
		A3144D9C528C4E9FBF58113A /* CDVLocation.m in Sources */ = {isa = PBXBuildFile; fileRef = 38830FFDD8BC46C2BEEC69DE /* CDVLocation.m */; };
		824AB6A19B924057BB266720 /* CDVInAppBrowser.m in Sources */ = {isa = PBXBuildFile; fileRef = 07558E2FE54E45A2AF261E76 /* CDVInAppBrowser.m */; };
		8729E6C471394EAEA1E1BF06 /* CDVSplashScreen.m in Sources */ = {isa = PBXBuildFile; fileRef = 52386723782F4E9A9EA1B1E4 /* CDVSplashScreen.m */; };
		60300C05647B4504938A6EA9 /* CDVViewController+SplashScreen.m in Sources */ = {isa = PBXBuildFile; fileRef = 7E3BE4D686A5400DA2BC1A09 /* CDVViewController+SplashScreen.m */; };
		4B06013B5BAD46CEBE3021AD /* CDVWKWebViewEngine.m in Sources */ = {isa = PBXBuildFile; fileRef = D7073BDB91D14818A66B99F2 /* CDVWKWebViewEngine.m */; };
		1CA0C4F60CA94536B09CDB29 /* CDVWKWebViewUIDelegate.m in Sources */ = {isa = PBXBuildFile; fileRef = 1806941740B14E0185873CCE /* CDVWKWebViewUIDelegate.m */; };
		3E6A923EB1EC4512A5080CA3 /* CDVWKProcessPoolFactory.m in Sources */ = {isa = PBXBuildFile; fileRef = 8F1B7532E39742E4A942D292 /* CDVWKProcessPoolFactory.m */; };
		78A920F75DEC46408D15EEF5 /* IONAssetHandler.m in Sources */ = {isa = PBXBuildFile; fileRef = 048672B401024BA7AA4157D2 /* IONAssetHandler.m */; };
		852725DD99374A5A8009D826 /* GCDWebServer.m in Sources */ = {isa = PBXBuildFile; fileRef = 55CCE2FC9FDA457CBC86A0A0 /* GCDWebServer.m */; };
		037B5FC84820430E9208511F /* GCDWebServerConnection.m in Sources */ = {isa = PBXBuildFile; fileRef = 84BBABEB9DEC4D5E9F87AAD6 /* GCDWebServerConnection.m */; };
		4446C6A0FC4F476CBB911ECF /* GCDWebServerFunctions.m in Sources */ = {isa = PBXBuildFile; fileRef = DABA763D7FAC4BB98C2DDA50 /* GCDWebServerFunctions.m */; };
		E79EC8FE625245D48F4FB517 /* GCDWebServerRequest.m in Sources */ = {isa = PBXBuildFile; fileRef = 9E840A22D5EE4AB3AC6EAB51 /* GCDWebServerRequest.m */; };
		89396DF0547C4E14A0732BD8 /* GCDWebServerResponse.m in Sources */ = {isa = PBXBuildFile; fileRef = A6EFDCFF620E46B0A230982E /* GCDWebServerResponse.m */; };
		696FA3A24D6B4A6BA77E4DA7 /* GCDWebServerDataRequest.m in Sources */ = {isa = PBXBuildFile; fileRef = 89821896365643B1A5141315 /* GCDWebServerDataRequest.m */; };
		B635F297019845FDA3905027 /* GCDWebServerFileRequest.m in Sources */ = {isa = PBXBuildFile; fileRef = BA861BA75073449BB74CB9E3 /* GCDWebServerFileRequest.m */; };
		A781DDEFA25E40A59B75559B /* GCDWebServerMultiPartFormRequest.m in Sources */ = {isa = PBXBuildFile; fileRef = 50B288301C624AADA6BF33DB /* GCDWebServerMultiPartFormRequest.m */; };
		A2306A95FD4842FC93FC92CB /* GCDWebServerURLEncodedFormRequest.m in Sources */ = {isa = PBXBuildFile; fileRef = E7C9F5F264034F7CAB3ABD79 /* GCDWebServerURLEncodedFormRequest.m */; };
		7551F2AEF72B432C9660E07B /* GCDWebServerDataResponse.m in Sources */ = {isa = PBXBuildFile; fileRef = 9ADFB25A81334C81B0301AC8 /* GCDWebServerDataResponse.m */; };
		E98B9C8B32BA4D83924CBA3A /* GCDWebServerErrorResponse.m in Sources */ = {isa = PBXBuildFile; fileRef = D0E2C5FBF4E34F1E97449E86 /* GCDWebServerErrorResponse.m */; };
		9EDC2A42F53744209124741D /* GCDWebServerFileResponse.m in Sources */ = {isa = PBXBuildFile; fileRef = 4951955DBD404DDF8CCEB9E0 /* GCDWebServerFileResponse.m */; };
		D792627838EB4B8C81BE0152 /* GCDWebServerStreamedResponse.m in Sources */ = {isa = PBXBuildFile; fileRef = 130F37F5E2C94379941DE8C4 /* GCDWebServerStreamedResponse.m */; };
		66B23FA87558464890F13CB4 /* WebKit.framework in Frameworks */ = {isa = PBXBuildFile; fileRef = 267F0CC783DB4D49BE593D44 /* WebKit.framework */; settings = {ATTRIBUTES = (Weak, ); }; };
		ACD6EE94F9CF43D18B214943 /* libz.tbd in Frameworks */ = {isa = PBXBuildFile; fileRef = DC5295194E57496886D778E6 /* libz.tbd */; };
		5895F2C884484EB29CE879E5 /* IonicCordovaCommon.m in Sources */ = {isa = PBXBuildFile; fileRef = D80E9F6A99794122B22982EC /* IonicCordovaCommon.m */; };
/* End PBXBuildFile section */

/* Begin PBXContainerItemProxy section */
		301BF534109A57CC0062928A /* PBXContainerItemProxy */ = {
			isa = PBXContainerItemProxy;
			containerPortal = 301BF52D109A57CC0062928A /* CordovaLib.xcodeproj */;
			proxyType = 2;
			remoteGlobalIDString = D2AAC07E0554694100DB518D;
			remoteInfo = CordovaLib;
		};
		301BF550109A68C00062928A /* PBXContainerItemProxy */ = {
			isa = PBXContainerItemProxy;
			containerPortal = 301BF52D109A57CC0062928A /* CordovaLib.xcodeproj */;
			proxyType = 1;
			remoteGlobalIDString = D2AAC07D0554694100DB518D;
			remoteInfo = CordovaLib;
		};
		907D8123214C687600058A10 /* PBXContainerItemProxy */ = {
			isa = PBXContainerItemProxy;
			containerPortal = 301BF52D109A57CC0062928A /* CordovaLib.xcodeproj */;
			proxyType = 2;
			remoteGlobalIDString = C0C01EB21E3911D50056E6CB;
			remoteInfo = Cordova;
		};
/* End PBXContainerItemProxy section */

/* Begin PBXFileReference section */
		0207DA571B56EA530066E2B4 /* Images.xcassets */ = {isa = PBXFileReference; lastKnownFileType = folder.assetcatalog; name = Images.xcassets; path = "AACD 2019/Images.xcassets"; sourceTree = SOURCE_ROOT; };
		1D3623240D0F684500981E51 /* AppDelegate.h */ = {isa = PBXFileReference; fileEncoding = 4; lastKnownFileType = sourcecode.c.h; path = AppDelegate.h; sourceTree = "<group>"; };
		1D3623250D0F684500981E51 /* AppDelegate.m */ = {isa = PBXFileReference; fileEncoding = 4; lastKnownFileType = sourcecode.c.objc; path = AppDelegate.m; sourceTree = "<group>"; };
		1D6058910D05DD3D006BFB54 /* AACD 2019.app */ = {isa = PBXFileReference; explicitFileType = wrapper.application; includeInIndex = 0; path = "AACD 2019.app"; sourceTree = BUILT_PRODUCTS_DIR; };
		29B97316FDCFA39411CA2CEA /* main.m */ = {isa = PBXFileReference; fileEncoding = 4; lastKnownFileType = sourcecode.c.objc; path = main.m; sourceTree = "<group>"; };
		301BF52D109A57CC0062928A /* CordovaLib.xcodeproj */ = {isa = PBXFileReference; lastKnownFileType = "wrapper.pb-project"; path = CordovaLib/CordovaLib.xcodeproj; sourceTree = "<group>"; };
		301BF56E109A69640062928A /* www */ = {isa = PBXFileReference; lastKnownFileType = folder; path = www; sourceTree = SOURCE_ROOT; };
		302D95EE14D2391D003F00A1 /* MainViewController.h */ = {isa = PBXFileReference; fileEncoding = 4; lastKnownFileType = sourcecode.c.h; path = MainViewController.h; sourceTree = "<group>"; };
		302D95EF14D2391D003F00A1 /* MainViewController.m */ = {isa = PBXFileReference; fileEncoding = 4; lastKnownFileType = sourcecode.c.objc; path = MainViewController.m; sourceTree = "<group>"; };
		302D95F014D2391D003F00A1 /* MainViewController.xib */ = {isa = PBXFileReference; fileEncoding = 4; lastKnownFileType = file.xib; path = MainViewController.xib; sourceTree = "<group>"; };
		3047A50F1AB8059700498E2A /* build-debug.xcconfig */ = {isa = PBXFileReference; fileEncoding = 4; lastKnownFileType = text.xcconfig; name = "build-debug.xcconfig"; path = "cordova/build-debug.xcconfig"; sourceTree = SOURCE_ROOT; };
		3047A5101AB8059700498E2A /* build-release.xcconfig */ = {isa = PBXFileReference; fileEncoding = 4; lastKnownFileType = text.xcconfig; name = "build-release.xcconfig"; path = "cordova/build-release.xcconfig"; sourceTree = SOURCE_ROOT; };
		3047A5111AB8059700498E2A /* build.xcconfig */ = {isa = PBXFileReference; fileEncoding = 4; lastKnownFileType = text.xcconfig; name = build.xcconfig; path = cordova/build.xcconfig; sourceTree = SOURCE_ROOT; };
		32CA4F630368D1EE00C91783 /* AACD 2019-Prefix.pch */ = {isa = PBXFileReference; fileEncoding = 4; lastKnownFileType = sourcecode.c.h; path = "AACD 2019-Prefix.pch"; sourceTree = "<group>"; };
		6AFF5BF81D6E424B00AB3073 /* CDVLaunchScreen.storyboard */ = {isa = PBXFileReference; fileEncoding = 4; lastKnownFileType = file.storyboard; name = CDVLaunchScreen.storyboard; path = "AACD 2019/CDVLaunchScreen.storyboard"; sourceTree = SOURCE_ROOT; };
		8D1107310486CEB800E47090 /* AACD 2019-Info.plist */ = {isa = PBXFileReference; fileEncoding = 4; lastKnownFileType = text.plist.xml; name = "AACD 2019-Info.plist"; path = "AACD 2019/AACD 2019-Info.plist"; plistStructureDefinitionIdentifier = "com.apple.xcode.plist.structure-definition.iphone.info-plist"; sourceTree = SOURCE_ROOT; };
		EB87FDF31871DA8E0020F90C /* www */ = {isa = PBXFileReference; lastKnownFileType = folder; name = www; path = ../../www; sourceTree = "<group>"; };
		EB87FDF41871DAF40020F90C /* config.xml */ = {isa = PBXFileReference; lastKnownFileType = text.xml; name = config.xml; path = ../../config.xml; sourceTree = "<group>"; };
		ED33DF2A687741AEAF9F8254 /* Bridging-Header.h */ = {isa = PBXFileReference; fileEncoding = 4; lastKnownFileType = sourcecode.c.h; name = "Bridging-Header.h"; path = "Bridging-Header.h"; sourceTree = "<group>"; };
		F840E1F0165FE0F500CFE078 /* config.xml */ = {isa = PBXFileReference; lastKnownFileType = text.xml; name = config.xml; path = "AACD 2019/config.xml"; sourceTree = "<group>"; };
		1331F8DB08BD4F668B0F5D14 /* ActionSheet.m */ = {isa = PBXFileReference; name = "ActionSheet.m"; path = "cordova-plugin-actionsheet/ActionSheet.m"; sourceTree = "<group>"; fileEncoding = 4; lastKnownFileType = sourcecode.c.objc; explicitFileType = undefined; includeInIndex = 0; };
		7A8AEE8FEB8F441B84C101FB /* ActionSheet.h */ = {isa = PBXFileReference; name = "ActionSheet.h"; path = "cordova-plugin-actionsheet/ActionSheet.h"; sourceTree = "<group>"; fileEncoding = 4; lastKnownFileType = sourcecode.c.h; explicitFileType = undefined; includeInIndex = 0; };
		1D4564870631494EAE36FF66 /* CDVFile.m */ = {isa = PBXFileReference; name = "CDVFile.m"; path = "cordova-plugin-file/CDVFile.m"; sourceTree = "<group>"; fileEncoding = 4; lastKnownFileType = sourcecode.c.objc; explicitFileType = undefined; includeInIndex = 0; };
		1102BF8961534B0AA2001697 /* CDVLocalFilesystem.m */ = {isa = PBXFileReference; name = "CDVLocalFilesystem.m"; path = "cordova-plugin-file/CDVLocalFilesystem.m"; sourceTree = "<group>"; fileEncoding = 4; lastKnownFileType = sourcecode.c.objc; explicitFileType = undefined; includeInIndex = 0; };
		5DCAD9BF13D2436D879D96FB /* CDVAssetLibraryFilesystem.m */ = {isa = PBXFileReference; name = "CDVAssetLibraryFilesystem.m"; path = "cordova-plugin-file/CDVAssetLibraryFilesystem.m"; sourceTree = "<group>"; fileEncoding = 4; lastKnownFileType = sourcecode.c.objc; explicitFileType = undefined; includeInIndex = 0; };
		A62D1C4FCF69400497065CFC /* CDVFile.h */ = {isa = PBXFileReference; name = "CDVFile.h"; path = "cordova-plugin-file/CDVFile.h"; sourceTree = "<group>"; fileEncoding = 4; lastKnownFileType = sourcecode.c.h; explicitFileType = undefined; includeInIndex = 0; };
		E78AF36BFEC44EE0AC0160C4 /* CDVLocalFilesystem.h */ = {isa = PBXFileReference; name = "CDVLocalFilesystem.h"; path = "cordova-plugin-file/CDVLocalFilesystem.h"; sourceTree = "<group>"; fileEncoding = 4; lastKnownFileType = sourcecode.c.h; explicitFileType = undefined; includeInIndex = 0; };
		B9C5EE2F54DD486EAA9D7C30 /* CDVAssetLibraryFilesystem.h */ = {isa = PBXFileReference; name = "CDVAssetLibraryFilesystem.h"; path = "cordova-plugin-file/CDVAssetLibraryFilesystem.h"; sourceTree = "<group>"; fileEncoding = 4; lastKnownFileType = sourcecode.c.h; explicitFileType = undefined; includeInIndex = 0; };
		AA031580FAB342E0908576B9 /* CordovaHttpPlugin.m */ = {isa = PBXFileReference; name = "CordovaHttpPlugin.m"; path = "cordova-plugin-advanced-http/CordovaHttpPlugin.m"; sourceTree = "<group>"; fileEncoding = 4; lastKnownFileType = sourcecode.c.objc; explicitFileType = undefined; includeInIndex = 0; };
		221B48B62D934E8D927DA415 /* TextResponseSerializer.m */ = {isa = PBXFileReference; name = "TextResponseSerializer.m"; path = "cordova-plugin-advanced-http/TextResponseSerializer.m"; sourceTree = "<group>"; fileEncoding = 4; lastKnownFileType = sourcecode.c.objc; explicitFileType = undefined; includeInIndex = 0; };
		F9CB8CED201044A28BEA756C /* TextRequestSerializer.m */ = {isa = PBXFileReference; name = "TextRequestSerializer.m"; path = "cordova-plugin-advanced-http/TextRequestSerializer.m"; sourceTree = "<group>"; fileEncoding = 4; lastKnownFileType = sourcecode.c.objc; explicitFileType = undefined; includeInIndex = 0; };
		1C30D38C73434D2B983D70FC /* AFHTTPSessionManager.m */ = {isa = PBXFileReference; name = "AFHTTPSessionManager.m"; path = "cordova-plugin-advanced-http/AFHTTPSessionManager.m"; sourceTree = "<group>"; fileEncoding = 4; lastKnownFileType = sourcecode.c.objc; explicitFileType = undefined; includeInIndex = 0; };
		DEE6CA9800794418BDFADDC4 /* AFNetworkReachabilityManager.m */ = {isa = PBXFileReference; name = "AFNetworkReachabilityManager.m"; path = "cordova-plugin-advanced-http/AFNetworkReachabilityManager.m"; sourceTree = "<group>"; fileEncoding = 4; lastKnownFileType = sourcecode.c.objc; explicitFileType = undefined; includeInIndex = 0; };
		98830D41A33E4E56AFCBAE65 /* AFSecurityPolicy.m */ = {isa = PBXFileReference; name = "AFSecurityPolicy.m"; path = "cordova-plugin-advanced-http/AFSecurityPolicy.m"; sourceTree = "<group>"; fileEncoding = 4; lastKnownFileType = sourcecode.c.objc; explicitFileType = undefined; includeInIndex = 0; };
		9CB628D2B6E748C4A8696A9A /* AFURLRequestSerialization.m */ = {isa = PBXFileReference; name = "AFURLRequestSerialization.m"; path = "cordova-plugin-advanced-http/AFURLRequestSerialization.m"; sourceTree = "<group>"; fileEncoding = 4; lastKnownFileType = sourcecode.c.objc; explicitFileType = undefined; includeInIndex = 0; };
		58C7897FF14B463CB79E4158 /* AFURLResponseSerialization.m */ = {isa = PBXFileReference; name = "AFURLResponseSerialization.m"; path = "cordova-plugin-advanced-http/AFURLResponseSerialization.m"; sourceTree = "<group>"; fileEncoding = 4; lastKnownFileType = sourcecode.c.objc; explicitFileType = undefined; includeInIndex = 0; };
		92BBE54C12B244BD8EB35C80 /* AFURLSessionManager.m */ = {isa = PBXFileReference; name = "AFURLSessionManager.m"; path = "cordova-plugin-advanced-http/AFURLSessionManager.m"; sourceTree = "<group>"; fileEncoding = 4; lastKnownFileType = sourcecode.c.objc; explicitFileType = undefined; includeInIndex = 0; };
		5D30181E7FE84FBA8AFDFC9F /* SDNetworkActivityIndicator.m */ = {isa = PBXFileReference; name = "SDNetworkActivityIndicator.m"; path = "cordova-plugin-advanced-http/SDNetworkActivityIndicator.m"; sourceTree = "<group>"; fileEncoding = 4; lastKnownFileType = sourcecode.c.objc; explicitFileType = undefined; includeInIndex = 0; };
		40FFAB253DF348E1AC2A49C6 /* CordovaHttpPlugin.h */ = {isa = PBXFileReference; name = "CordovaHttpPlugin.h"; path = "cordova-plugin-advanced-http/CordovaHttpPlugin.h"; sourceTree = "<group>"; fileEncoding = 4; lastKnownFileType = sourcecode.c.h; explicitFileType = undefined; includeInIndex = 0; };
		320808C3F3B6401C96A93E4A /* TextResponseSerializer.h */ = {isa = PBXFileReference; name = "TextResponseSerializer.h"; path = "cordova-plugin-advanced-http/TextResponseSerializer.h"; sourceTree = "<group>"; fileEncoding = 4; lastKnownFileType = sourcecode.c.h; explicitFileType = undefined; includeInIndex = 0; };
		C9246B857C9842DF82AEE6B8 /* TextRequestSerializer.h */ = {isa = PBXFileReference; name = "TextRequestSerializer.h"; path = "cordova-plugin-advanced-http/TextRequestSerializer.h"; sourceTree = "<group>"; fileEncoding = 4; lastKnownFileType = sourcecode.c.h; explicitFileType = undefined; includeInIndex = 0; };
		D9ACB0269B3042968268EEDA /* AFHTTPSessionManager.h */ = {isa = PBXFileReference; name = "AFHTTPSessionManager.h"; path = "cordova-plugin-advanced-http/AFHTTPSessionManager.h"; sourceTree = "<group>"; fileEncoding = 4; lastKnownFileType = sourcecode.c.h; explicitFileType = undefined; includeInIndex = 0; };
		272FACA3B7304554A9D346C7 /* AFNetworking.h */ = {isa = PBXFileReference; name = "AFNetworking.h"; path = "cordova-plugin-advanced-http/AFNetworking.h"; sourceTree = "<group>"; fileEncoding = 4; lastKnownFileType = sourcecode.c.h; explicitFileType = undefined; includeInIndex = 0; };
		E16A44B1D4E5429DB9F6784D /* AFNetworkReachabilityManager.h */ = {isa = PBXFileReference; name = "AFNetworkReachabilityManager.h"; path = "cordova-plugin-advanced-http/AFNetworkReachabilityManager.h"; sourceTree = "<group>"; fileEncoding = 4; lastKnownFileType = sourcecode.c.h; explicitFileType = undefined; includeInIndex = 0; };
		5DB88CCAFA104579A29F1C85 /* AFSecurityPolicy.h */ = {isa = PBXFileReference; name = "AFSecurityPolicy.h"; path = "cordova-plugin-advanced-http/AFSecurityPolicy.h"; sourceTree = "<group>"; fileEncoding = 4; lastKnownFileType = sourcecode.c.h; explicitFileType = undefined; includeInIndex = 0; };
		72219F95B0D94F18AFCBAB72 /* AFURLRequestSerialization.h */ = {isa = PBXFileReference; name = "AFURLRequestSerialization.h"; path = "cordova-plugin-advanced-http/AFURLRequestSerialization.h"; sourceTree = "<group>"; fileEncoding = 4; lastKnownFileType = sourcecode.c.h; explicitFileType = undefined; includeInIndex = 0; };
		EAE75D2E19D64B4DB80DED17 /* AFURLResponseSerialization.h */ = {isa = PBXFileReference; name = "AFURLResponseSerialization.h"; path = "cordova-plugin-advanced-http/AFURLResponseSerialization.h"; sourceTree = "<group>"; fileEncoding = 4; lastKnownFileType = sourcecode.c.h; explicitFileType = undefined; includeInIndex = 0; };
		4E6E0D214CD1418A8785401C /* AFURLSessionManager.h */ = {isa = PBXFileReference; name = "AFURLSessionManager.h"; path = "cordova-plugin-advanced-http/AFURLSessionManager.h"; sourceTree = "<group>"; fileEncoding = 4; lastKnownFileType = sourcecode.c.h; explicitFileType = undefined; includeInIndex = 0; };
		433B132816DC41D4864F24D2 /* SDNetworkActivityIndicator.h */ = {isa = PBXFileReference; name = "SDNetworkActivityIndicator.h"; path = "cordova-plugin-advanced-http/SDNetworkActivityIndicator.h"; sourceTree = "<group>"; fileEncoding = 4; lastKnownFileType = sourcecode.c.h; explicitFileType = undefined; includeInIndex = 0; };
		427210308F504CEB950186F6 /* Security.framework */ = {isa = PBXFileReference; name = "Security.framework"; path = "System/Library/Frameworks/Security.framework"; sourceTree = SDKROOT; fileEncoding = undefined; lastKnownFileType = wrapper.framework; explicitFileType = undefined; includeInIndex = 0; };
		8CF9276A49C2460E96BD8123 /* SystemConfiguration.framework */ = {isa = PBXFileReference; name = "SystemConfiguration.framework"; path = "System/Library/Frameworks/SystemConfiguration.framework"; sourceTree = SDKROOT; fileEncoding = undefined; lastKnownFileType = wrapper.framework; explicitFileType = undefined; includeInIndex = 0; };
		145A4BC86127463B92407B2E /* UIImage+CropScaleOrientation.m */ = {isa = PBXFileReference; name = "UIImage+CropScaleOrientation.m"; path = "cordova-plugin-camera/UIImage+CropScaleOrientation.m"; sourceTree = "<group>"; fileEncoding = 4; lastKnownFileType = sourcecode.c.objc; explicitFileType = undefined; includeInIndex = 0; };
		D526F4413E34417993A6ACE7 /* CDVCamera.m */ = {isa = PBXFileReference; name = "CDVCamera.m"; path = "cordova-plugin-camera/CDVCamera.m"; sourceTree = "<group>"; fileEncoding = 4; lastKnownFileType = sourcecode.c.objc; explicitFileType = undefined; includeInIndex = 0; };
		FF81DCF0352C469EB4E4F4BA /* CDVJpegHeaderWriter.m */ = {isa = PBXFileReference; name = "CDVJpegHeaderWriter.m"; path = "cordova-plugin-camera/CDVJpegHeaderWriter.m"; sourceTree = "<group>"; fileEncoding = 4; lastKnownFileType = sourcecode.c.objc; explicitFileType = undefined; includeInIndex = 0; };
		28EC54D2BE064026BAA1AFEA /* UIImage+CropScaleOrientation.h */ = {isa = PBXFileReference; name = "UIImage+CropScaleOrientation.h"; path = "cordova-plugin-camera/UIImage+CropScaleOrientation.h"; sourceTree = "<group>"; fileEncoding = 4; lastKnownFileType = sourcecode.c.h; explicitFileType = undefined; includeInIndex = 0; };
		619DFB77835D4759A4408F07 /* CDVCamera.h */ = {isa = PBXFileReference; name = "CDVCamera.h"; path = "cordova-plugin-camera/CDVCamera.h"; sourceTree = "<group>"; fileEncoding = 4; lastKnownFileType = sourcecode.c.h; explicitFileType = undefined; includeInIndex = 0; };
		4C85F07B938946A79A82DEB5 /* CDVJpegHeaderWriter.h */ = {isa = PBXFileReference; name = "CDVJpegHeaderWriter.h"; path = "cordova-plugin-camera/CDVJpegHeaderWriter.h"; sourceTree = "<group>"; fileEncoding = 4; lastKnownFileType = sourcecode.c.h; explicitFileType = undefined; includeInIndex = 0; };
		C459CE5E6D43471FBBDDAE12 /* CDVExif.h */ = {isa = PBXFileReference; name = "CDVExif.h"; path = "cordova-plugin-camera/CDVExif.h"; sourceTree = "<group>"; fileEncoding = 4; lastKnownFileType = sourcecode.c.h; explicitFileType = undefined; includeInIndex = 0; };
		1A0039335677485AA661D006 /* ImageIO.framework */ = {isa = PBXFileReference; name = "ImageIO.framework"; path = "System/Library/Frameworks/ImageIO.framework"; sourceTree = SDKROOT; fileEncoding = undefined; lastKnownFileType = wrapper.framework; explicitFileType = undefined; includeInIndex = 0; };
		A35DF987D3BE4753A529BA3B /* CoreLocation.framework */ = {isa = PBXFileReference; name = "CoreLocation.framework"; path = "System/Library/Frameworks/CoreLocation.framework"; sourceTree = SDKROOT; fileEncoding = undefined; lastKnownFileType = wrapper.framework; explicitFileType = undefined; includeInIndex = 0; };
		2436815AFA6E4F5AA1F891B3 /* AVFoundation.framework */ = {isa = PBXFileReference; name = "AVFoundation.framework"; path = "System/Library/Frameworks/AVFoundation.framework"; sourceTree = SDKROOT; fileEncoding = undefined; lastKnownFileType = wrapper.framework; explicitFileType = undefined; includeInIndex = 0; };
		DE177D211FF74026A8814CD0 /* sqlDB.h */ = {isa = PBXFileReference; name = "sqlDB.h"; path = "cordova-plugin-dbcopy/sqlDB.h"; sourceTree = "<group>"; fileEncoding = 4; lastKnownFileType = sourcecode.c.h; explicitFileType = undefined; includeInIndex = 0; };
		3C29337281F04CD58CB6788B /* sqlDB.m */ = {isa = PBXFileReference; name = "sqlDB.m"; path = "cordova-plugin-dbcopy/sqlDB.m"; sourceTree = "<group>"; fileEncoding = 4; lastKnownFileType = sourcecode.c.objc; explicitFileType = undefined; includeInIndex = 0; };
		EBD3F88389B94507AB7B0852 /* CDVDevice.m */ = {isa = PBXFileReference; name = "CDVDevice.m"; path = "cordova-plugin-device/CDVDevice.m"; sourceTree = "<group>"; fileEncoding = 4; lastKnownFileType = sourcecode.c.objc; explicitFileType = undefined; includeInIndex = 0; };
		59079A9B6D534E4088310C58 /* CDVDevice.h */ = {isa = PBXFileReference; name = "CDVDevice.h"; path = "cordova-plugin-device/CDVDevice.h"; sourceTree = "<group>"; fileEncoding = 4; lastKnownFileType = sourcecode.c.h; explicitFileType = undefined; includeInIndex = 0; };
		CFC41F17D9A1481DBB129D15 /* APPEmailComposer.m */ = {isa = PBXFileReference; name = "APPEmailComposer.m"; path = "cordova-plugin-email/APPEmailComposer.m"; sourceTree = "<group>"; fileEncoding = 4; lastKnownFileType = sourcecode.c.objc; explicitFileType = undefined; includeInIndex = 0; };
		02A7CBA95583481192EB097C /* APPEmailComposerImpl.m */ = {isa = PBXFileReference; name = "APPEmailComposerImpl.m"; path = "cordova-plugin-email/APPEmailComposerImpl.m"; sourceTree = "<group>"; fileEncoding = 4; lastKnownFileType = sourcecode.c.objc; explicitFileType = undefined; includeInIndex = 0; };
		1D97B9AB22934D0EBFEBFFEF /* APPEmailComposer.h */ = {isa = PBXFileReference; name = "APPEmailComposer.h"; path = "cordova-plugin-email/APPEmailComposer.h"; sourceTree = "<group>"; fileEncoding = 4; lastKnownFileType = sourcecode.c.h; explicitFileType = undefined; includeInIndex = 0; };
		909EF25C640D40FF8D7F4DCE /* APPEmailComposerImpl.h */ = {isa = PBXFileReference; name = "APPEmailComposerImpl.h"; path = "cordova-plugin-email/APPEmailComposerImpl.h"; sourceTree = "<group>"; fileEncoding = 4; lastKnownFileType = sourcecode.c.h; explicitFileType = undefined; includeInIndex = 0; };
		BECBBF9488EF4A0AB17B18FF /* MessageUI.framework */ = {isa = PBXFileReference; name = "MessageUI.framework"; path = "System/Library/Frameworks/MessageUI.framework"; sourceTree = SDKROOT; fileEncoding = undefined; lastKnownFileType = wrapper.framework; explicitFileType = undefined; includeInIndex = 0; };
		FB895711850A42018CCD9F36 /* FileOpener2.m */ = {isa = PBXFileReference; name = "FileOpener2.m"; path = "cordova-plugin-file-opener2/FileOpener2.m"; sourceTree = "<group>"; fileEncoding = 4; lastKnownFileType = sourcecode.c.objc; explicitFileType = undefined; includeInIndex = 0; };
		42188D456B7F4872AD506967 /* FileOpener2.h */ = {isa = PBXFileReference; name = "FileOpener2.h"; path = "cordova-plugin-file-opener2/FileOpener2.h"; sourceTree = "<group>"; fileEncoding = 4; lastKnownFileType = sourcecode.c.h; explicitFileType = undefined; includeInIndex = 0; };
		AD325A24D9984EB18A4FF3AA /* CDVFileTransfer.m */ = {isa = PBXFileReference; name = "CDVFileTransfer.m"; path = "cordova-plugin-file-transfer/CDVFileTransfer.m"; sourceTree = "<group>"; fileEncoding = 4; lastKnownFileType = sourcecode.c.objc; explicitFileType = undefined; includeInIndex = 0; };
		4743E55DDD7044909DEE9527 /* CDVFileTransfer.h */ = {isa = PBXFileReference; name = "CDVFileTransfer.h"; path = "cordova-plugin-file-transfer/CDVFileTransfer.h"; sourceTree = "<group>"; fileEncoding = 4; lastKnownFileType = sourcecode.c.h; explicitFileType = undefined; includeInIndex = 0; };
		38830FFDD8BC46C2BEEC69DE /* CDVLocation.m */ = {isa = PBXFileReference; name = "CDVLocation.m"; path = "cordova-plugin-geolocation/CDVLocation.m"; sourceTree = "<group>"; fileEncoding = 4; lastKnownFileType = sourcecode.c.objc; explicitFileType = undefined; includeInIndex = 0; };
		6F2D933490BA4EE891FD43D0 /* CDVLocation.h */ = {isa = PBXFileReference; name = "CDVLocation.h"; path = "cordova-plugin-geolocation/CDVLocation.h"; sourceTree = "<group>"; fileEncoding = 4; lastKnownFileType = sourcecode.c.h; explicitFileType = undefined; includeInIndex = 0; };
		07558E2FE54E45A2AF261E76 /* CDVInAppBrowser.m */ = {isa = PBXFileReference; name = "CDVInAppBrowser.m"; path = "cordova-plugin-inappbrowser/CDVInAppBrowser.m"; sourceTree = "<group>"; fileEncoding = 4; lastKnownFileType = sourcecode.c.objc; explicitFileType = undefined; includeInIndex = 0; };
		3337CE2FBDCB4960BA155EAE /* CDVInAppBrowser.h */ = {isa = PBXFileReference; name = "CDVInAppBrowser.h"; path = "cordova-plugin-inappbrowser/CDVInAppBrowser.h"; sourceTree = "<group>"; fileEncoding = 4; lastKnownFileType = sourcecode.c.h; explicitFileType = undefined; includeInIndex = 0; };
		52386723782F4E9A9EA1B1E4 /* CDVSplashScreen.m */ = {isa = PBXFileReference; name = "CDVSplashScreen.m"; path = "cordova-plugin-splashscreen/CDVSplashScreen.m"; sourceTree = "<group>"; fileEncoding = 4; lastKnownFileType = sourcecode.c.objc; explicitFileType = undefined; includeInIndex = 0; };
		7E3BE4D686A5400DA2BC1A09 /* CDVViewController+SplashScreen.m */ = {isa = PBXFileReference; name = "CDVViewController+SplashScreen.m"; path = "cordova-plugin-splashscreen/CDVViewController+SplashScreen.m"; sourceTree = "<group>"; fileEncoding = 4; lastKnownFileType = sourcecode.c.objc; explicitFileType = undefined; includeInIndex = 0; };
		762BD310F2FF44F29EB876B2 /* CDVSplashScreen.h */ = {isa = PBXFileReference; name = "CDVSplashScreen.h"; path = "cordova-plugin-splashscreen/CDVSplashScreen.h"; sourceTree = "<group>"; fileEncoding = 4; lastKnownFileType = sourcecode.c.h; explicitFileType = undefined; includeInIndex = 0; };
		CF13D901E9B24433B31E382C /* CDVViewController+SplashScreen.h */ = {isa = PBXFileReference; name = "CDVViewController+SplashScreen.h"; path = "cordova-plugin-splashscreen/CDVViewController+SplashScreen.h"; sourceTree = "<group>"; fileEncoding = 4; lastKnownFileType = sourcecode.c.h; explicitFileType = undefined; includeInIndex = 0; };
		D7073BDB91D14818A66B99F2 /* CDVWKWebViewEngine.m */ = {isa = PBXFileReference; name = "CDVWKWebViewEngine.m"; path = "cordova-plugin-ionic-webview/CDVWKWebViewEngine.m"; sourceTree = "<group>"; fileEncoding = 4; lastKnownFileType = sourcecode.c.objc; explicitFileType = undefined; includeInIndex = 0; };
		1806941740B14E0185873CCE /* CDVWKWebViewUIDelegate.m */ = {isa = PBXFileReference; name = "CDVWKWebViewUIDelegate.m"; path = "cordova-plugin-ionic-webview/CDVWKWebViewUIDelegate.m"; sourceTree = "<group>"; fileEncoding = 4; lastKnownFileType = sourcecode.c.objc; explicitFileType = undefined; includeInIndex = 0; };
		8F1B7532E39742E4A942D292 /* CDVWKProcessPoolFactory.m */ = {isa = PBXFileReference; name = "CDVWKProcessPoolFactory.m"; path = "cordova-plugin-ionic-webview/CDVWKProcessPoolFactory.m"; sourceTree = "<group>"; fileEncoding = 4; lastKnownFileType = sourcecode.c.objc; explicitFileType = undefined; includeInIndex = 0; };
		048672B401024BA7AA4157D2 /* IONAssetHandler.m */ = {isa = PBXFileReference; name = "IONAssetHandler.m"; path = "cordova-plugin-ionic-webview/IONAssetHandler.m"; sourceTree = "<group>"; fileEncoding = 4; lastKnownFileType = sourcecode.c.objc; explicitFileType = undefined; includeInIndex = 0; };
		55CCE2FC9FDA457CBC86A0A0 /* GCDWebServer.m */ = {isa = PBXFileReference; name = "GCDWebServer.m"; path = "cordova-plugin-ionic-webview/GCDWebServer.m"; sourceTree = "<group>"; fileEncoding = 4; lastKnownFileType = sourcecode.c.objc; explicitFileType = undefined; includeInIndex = 0; };
		84BBABEB9DEC4D5E9F87AAD6 /* GCDWebServerConnection.m */ = {isa = PBXFileReference; name = "GCDWebServerConnection.m"; path = "cordova-plugin-ionic-webview/GCDWebServerConnection.m"; sourceTree = "<group>"; fileEncoding = 4; lastKnownFileType = sourcecode.c.objc; explicitFileType = undefined; includeInIndex = 0; };
		DABA763D7FAC4BB98C2DDA50 /* GCDWebServerFunctions.m */ = {isa = PBXFileReference; name = "GCDWebServerFunctions.m"; path = "cordova-plugin-ionic-webview/GCDWebServerFunctions.m"; sourceTree = "<group>"; fileEncoding = 4; lastKnownFileType = sourcecode.c.objc; explicitFileType = undefined; includeInIndex = 0; };
		9E840A22D5EE4AB3AC6EAB51 /* GCDWebServerRequest.m */ = {isa = PBXFileReference; name = "GCDWebServerRequest.m"; path = "cordova-plugin-ionic-webview/GCDWebServerRequest.m"; sourceTree = "<group>"; fileEncoding = 4; lastKnownFileType = sourcecode.c.objc; explicitFileType = undefined; includeInIndex = 0; };
		A6EFDCFF620E46B0A230982E /* GCDWebServerResponse.m */ = {isa = PBXFileReference; name = "GCDWebServerResponse.m"; path = "cordova-plugin-ionic-webview/GCDWebServerResponse.m"; sourceTree = "<group>"; fileEncoding = 4; lastKnownFileType = sourcecode.c.objc; explicitFileType = undefined; includeInIndex = 0; };
		89821896365643B1A5141315 /* GCDWebServerDataRequest.m */ = {isa = PBXFileReference; name = "GCDWebServerDataRequest.m"; path = "cordova-plugin-ionic-webview/GCDWebServerDataRequest.m"; sourceTree = "<group>"; fileEncoding = 4; lastKnownFileType = sourcecode.c.objc; explicitFileType = undefined; includeInIndex = 0; };
		BA861BA75073449BB74CB9E3 /* GCDWebServerFileRequest.m */ = {isa = PBXFileReference; name = "GCDWebServerFileRequest.m"; path = "cordova-plugin-ionic-webview/GCDWebServerFileRequest.m"; sourceTree = "<group>"; fileEncoding = 4; lastKnownFileType = sourcecode.c.objc; explicitFileType = undefined; includeInIndex = 0; };
		50B288301C624AADA6BF33DB /* GCDWebServerMultiPartFormRequest.m */ = {isa = PBXFileReference; name = "GCDWebServerMultiPartFormRequest.m"; path = "cordova-plugin-ionic-webview/GCDWebServerMultiPartFormRequest.m"; sourceTree = "<group>"; fileEncoding = 4; lastKnownFileType = sourcecode.c.objc; explicitFileType = undefined; includeInIndex = 0; };
		E7C9F5F264034F7CAB3ABD79 /* GCDWebServerURLEncodedFormRequest.m */ = {isa = PBXFileReference; name = "GCDWebServerURLEncodedFormRequest.m"; path = "cordova-plugin-ionic-webview/GCDWebServerURLEncodedFormRequest.m"; sourceTree = "<group>"; fileEncoding = 4; lastKnownFileType = sourcecode.c.objc; explicitFileType = undefined; includeInIndex = 0; };
		9ADFB25A81334C81B0301AC8 /* GCDWebServerDataResponse.m */ = {isa = PBXFileReference; name = "GCDWebServerDataResponse.m"; path = "cordova-plugin-ionic-webview/GCDWebServerDataResponse.m"; sourceTree = "<group>"; fileEncoding = 4; lastKnownFileType = sourcecode.c.objc; explicitFileType = undefined; includeInIndex = 0; };
		D0E2C5FBF4E34F1E97449E86 /* GCDWebServerErrorResponse.m */ = {isa = PBXFileReference; name = "GCDWebServerErrorResponse.m"; path = "cordova-plugin-ionic-webview/GCDWebServerErrorResponse.m"; sourceTree = "<group>"; fileEncoding = 4; lastKnownFileType = sourcecode.c.objc; explicitFileType = undefined; includeInIndex = 0; };
		4951955DBD404DDF8CCEB9E0 /* GCDWebServerFileResponse.m */ = {isa = PBXFileReference; name = "GCDWebServerFileResponse.m"; path = "cordova-plugin-ionic-webview/GCDWebServerFileResponse.m"; sourceTree = "<group>"; fileEncoding = 4; lastKnownFileType = sourcecode.c.objc; explicitFileType = undefined; includeInIndex = 0; };
		130F37F5E2C94379941DE8C4 /* GCDWebServerStreamedResponse.m */ = {isa = PBXFileReference; name = "GCDWebServerStreamedResponse.m"; path = "cordova-plugin-ionic-webview/GCDWebServerStreamedResponse.m"; sourceTree = "<group>"; fileEncoding = 4; lastKnownFileType = sourcecode.c.objc; explicitFileType = undefined; includeInIndex = 0; };
		6A39265BEE644772BD4BA2C2 /* CDVWKWebViewEngine.h */ = {isa = PBXFileReference; name = "CDVWKWebViewEngine.h"; path = "cordova-plugin-ionic-webview/CDVWKWebViewEngine.h"; sourceTree = "<group>"; fileEncoding = 4; lastKnownFileType = sourcecode.c.h; explicitFileType = undefined; includeInIndex = 0; };
		B9E627B50ED64EDC9D35769B /* CDVWKWebViewUIDelegate.h */ = {isa = PBXFileReference; name = "CDVWKWebViewUIDelegate.h"; path = "cordova-plugin-ionic-webview/CDVWKWebViewUIDelegate.h"; sourceTree = "<group>"; fileEncoding = 4; lastKnownFileType = sourcecode.c.h; explicitFileType = undefined; includeInIndex = 0; };
		2045C7C56B254D0BA0B2DD58 /* CDVWKProcessPoolFactory.h */ = {isa = PBXFileReference; name = "CDVWKProcessPoolFactory.h"; path = "cordova-plugin-ionic-webview/CDVWKProcessPoolFactory.h"; sourceTree = "<group>"; fileEncoding = 4; lastKnownFileType = sourcecode.c.h; explicitFileType = undefined; includeInIndex = 0; };
		6E30862EACB94C82AE2A5A50 /* IONAssetHandler.h */ = {isa = PBXFileReference; name = "IONAssetHandler.h"; path = "cordova-plugin-ionic-webview/IONAssetHandler.h"; sourceTree = "<group>"; fileEncoding = 4; lastKnownFileType = sourcecode.c.h; explicitFileType = undefined; includeInIndex = 0; };
		2F62B0A04AA548F5B003895D /* GCDWebServer.h */ = {isa = PBXFileReference; name = "GCDWebServer.h"; path = "cordova-plugin-ionic-webview/GCDWebServer.h"; sourceTree = "<group>"; fileEncoding = 4; lastKnownFileType = sourcecode.c.h; explicitFileType = undefined; includeInIndex = 0; };
		CE31D839BFE54885ACCA4384 /* GCDWebServerConnection.h */ = {isa = PBXFileReference; name = "GCDWebServerConnection.h"; path = "cordova-plugin-ionic-webview/GCDWebServerConnection.h"; sourceTree = "<group>"; fileEncoding = 4; lastKnownFileType = sourcecode.c.h; explicitFileType = undefined; includeInIndex = 0; };
		4A7825C1BEFD4447819E00BC /* GCDWebServerFunctions.h */ = {isa = PBXFileReference; name = "GCDWebServerFunctions.h"; path = "cordova-plugin-ionic-webview/GCDWebServerFunctions.h"; sourceTree = "<group>"; fileEncoding = 4; lastKnownFileType = sourcecode.c.h; explicitFileType = undefined; includeInIndex = 0; };
		E608D44E995A4F23B295EB5C /* GCDWebServerHTTPStatusCodes.h */ = {isa = PBXFileReference; name = "GCDWebServerHTTPStatusCodes.h"; path = "cordova-plugin-ionic-webview/GCDWebServerHTTPStatusCodes.h"; sourceTree = "<group>"; fileEncoding = 4; lastKnownFileType = sourcecode.c.h; explicitFileType = undefined; includeInIndex = 0; };
		962A3A5FED764489B38BCBBD /* GCDWebServerPrivate.h */ = {isa = PBXFileReference; name = "GCDWebServerPrivate.h"; path = "cordova-plugin-ionic-webview/GCDWebServerPrivate.h"; sourceTree = "<group>"; fileEncoding = 4; lastKnownFileType = sourcecode.c.h; explicitFileType = undefined; includeInIndex = 0; };
		77A25262A9334978B7E868E5 /* GCDWebServerRequest.h */ = {isa = PBXFileReference; name = "GCDWebServerRequest.h"; path = "cordova-plugin-ionic-webview/GCDWebServerRequest.h"; sourceTree = "<group>"; fileEncoding = 4; lastKnownFileType = sourcecode.c.h; explicitFileType = undefined; includeInIndex = 0; };
		1C7714B5277D42AABF91D22C /* GCDWebServerResponse.h */ = {isa = PBXFileReference; name = "GCDWebServerResponse.h"; path = "cordova-plugin-ionic-webview/GCDWebServerResponse.h"; sourceTree = "<group>"; fileEncoding = 4; lastKnownFileType = sourcecode.c.h; explicitFileType = undefined; includeInIndex = 0; };
		43C85359EFCD446C8FF34502 /* GCDWebServerDataRequest.h */ = {isa = PBXFileReference; name = "GCDWebServerDataRequest.h"; path = "cordova-plugin-ionic-webview/GCDWebServerDataRequest.h"; sourceTree = "<group>"; fileEncoding = 4; lastKnownFileType = sourcecode.c.h; explicitFileType = undefined; includeInIndex = 0; };
		0270F856516542E7ACE3691C /* GCDWebServerFileRequest.h */ = {isa = PBXFileReference; name = "GCDWebServerFileRequest.h"; path = "cordova-plugin-ionic-webview/GCDWebServerFileRequest.h"; sourceTree = "<group>"; fileEncoding = 4; lastKnownFileType = sourcecode.c.h; explicitFileType = undefined; includeInIndex = 0; };
		446F25D3453B427ABC75AA28 /* GCDWebServerMultiPartFormRequest.h */ = {isa = PBXFileReference; name = "GCDWebServerMultiPartFormRequest.h"; path = "cordova-plugin-ionic-webview/GCDWebServerMultiPartFormRequest.h"; sourceTree = "<group>"; fileEncoding = 4; lastKnownFileType = sourcecode.c.h; explicitFileType = undefined; includeInIndex = 0; };
		C6293FFAA69F4EAA880559CA /* GCDWebServerURLEncodedFormRequest.h */ = {isa = PBXFileReference; name = "GCDWebServerURLEncodedFormRequest.h"; path = "cordova-plugin-ionic-webview/GCDWebServerURLEncodedFormRequest.h"; sourceTree = "<group>"; fileEncoding = 4; lastKnownFileType = sourcecode.c.h; explicitFileType = undefined; includeInIndex = 0; };
		F52389E134EB47A387DDE4B2 /* GCDWebServerDataResponse.h */ = {isa = PBXFileReference; name = "GCDWebServerDataResponse.h"; path = "cordova-plugin-ionic-webview/GCDWebServerDataResponse.h"; sourceTree = "<group>"; fileEncoding = 4; lastKnownFileType = sourcecode.c.h; explicitFileType = undefined; includeInIndex = 0; };
		86DF714DB6EB446084927D4A /* GCDWebServerErrorResponse.h */ = {isa = PBXFileReference; name = "GCDWebServerErrorResponse.h"; path = "cordova-plugin-ionic-webview/GCDWebServerErrorResponse.h"; sourceTree = "<group>"; fileEncoding = 4; lastKnownFileType = sourcecode.c.h; explicitFileType = undefined; includeInIndex = 0; };
		1D64BE48F2D840BAA80632D6 /* GCDWebServerFileResponse.h */ = {isa = PBXFileReference; name = "GCDWebServerFileResponse.h"; path = "cordova-plugin-ionic-webview/GCDWebServerFileResponse.h"; sourceTree = "<group>"; fileEncoding = 4; lastKnownFileType = sourcecode.c.h; explicitFileType = undefined; includeInIndex = 0; };
		DDE12D9B15A143F998651D0E /* GCDWebServerStreamedResponse.h */ = {isa = PBXFileReference; name = "GCDWebServerStreamedResponse.h"; path = "cordova-plugin-ionic-webview/GCDWebServerStreamedResponse.h"; sourceTree = "<group>"; fileEncoding = 4; lastKnownFileType = sourcecode.c.h; explicitFileType = undefined; includeInIndex = 0; };
		267F0CC783DB4D49BE593D44 /* WebKit.framework */ = {isa = PBXFileReference; name = "WebKit.framework"; path = "System/Library/Frameworks/WebKit.framework"; sourceTree = SDKROOT; fileEncoding = undefined; lastKnownFileType = wrapper.framework; explicitFileType = undefined; includeInIndex = 0; };
		DC5295194E57496886D778E6 /* libz.tbd */ = {isa = PBXFileReference; name = "libz.tbd"; path = "usr/lib/libz.tbd"; sourceTree = SDKROOT; fileEncoding = undefined; lastKnownFileType = sourcecode.text-based-dylib-definition; explicitFileType = undefined; includeInIndex = 0; };
		D80E9F6A99794122B22982EC /* IonicCordovaCommon.m */ = {isa = PBXFileReference; name = "IonicCordovaCommon.m"; path = "cordova-plugin-ionic/IonicCordovaCommon.m"; sourceTree = "<group>"; fileEncoding = 4; lastKnownFileType = sourcecode.c.objc; explicitFileType = undefined; includeInIndex = 0; };
		FEE09F1F6B6E4A5AAC0F60B9 /* IonicCordovaCommon.h */ = {isa = PBXFileReference; name = "IonicCordovaCommon.h"; path = "cordova-plugin-ionic/IonicCordovaCommon.h"; sourceTree = "<group>"; fileEncoding = 4; lastKnownFileType = sourcecode.c.h; explicitFileType = undefined; includeInIndex = 0; };
/* End PBXFileReference section */

/* Begin PBXFrameworksBuildPhase section */
		1D60588F0D05DD3D006BFB54 /* Frameworks */ = {
			isa = PBXFrameworksBuildPhase;
			buildActionMask = 2147483647;
			files = (
				301BF552109A68D80062928A /* libCordova.a in Frameworks */,
				F939F39CBA954D30A7E11118 /* Security.framework in Frameworks */,
				F3EF937AD6D749499EE58FBE /* SystemConfiguration.framework in Frameworks */,
				563C08947F9D4EDDB723C93D /* ImageIO.framework in Frameworks */,
				F6173C494E094C848B6584F4 /* CoreLocation.framework in Frameworks */,
				55CEA148DF0C41F199D922BD /* AVFoundation.framework in Frameworks */,
				A9743E16F86C477486958B53 /* MessageUI.framework in Frameworks */,
				66B23FA87558464890F13CB4 /* WebKit.framework in Frameworks */,
				ACD6EE94F9CF43D18B214943 /* libz.tbd in Frameworks */,
			);
			runOnlyForDeploymentPostprocessing = 0;
		};
/* End PBXFrameworksBuildPhase section */

/* Begin PBXGroup section */
		080E96DDFE201D6D7F000001 /* Classes */ = {
			isa = PBXGroup;
			children = (
				302D95EE14D2391D003F00A1 /* MainViewController.h */,
				302D95EF14D2391D003F00A1 /* MainViewController.m */,
				302D95F014D2391D003F00A1 /* MainViewController.xib */,
				1D3623240D0F684500981E51 /* AppDelegate.h */,
				1D3623250D0F684500981E51 /* AppDelegate.m */,
			);
			name = Classes;
			path = "AACD 2019/Classes";
			sourceTree = SOURCE_ROOT;
		};
		19C28FACFE9D520D11CA2CBB /* Products */ = {
			isa = PBXGroup;
			children = (
				1D6058910D05DD3D006BFB54 /* AACD 2019.app */,
			);
			name = Products;
			sourceTree = "<group>";
		};
		29B97314FDCFA39411CA2CEA /* CustomTemplate */ = {
			isa = PBXGroup;
			children = (
				EB87FDF41871DAF40020F90C /* config.xml */,
				EB87FDF31871DA8E0020F90C /* www */,
				EB87FDF11871DA420020F90C /* Staging */,
				301BF52D109A57CC0062928A /* CordovaLib.xcodeproj */,
				080E96DDFE201D6D7F000001 /* Classes */,
				307C750510C5A3420062BCA9 /* Plugins */,
				29B97315FDCFA39411CA2CEA /* Other Sources */,
				29B97317FDCFA39411CA2CEA /* Resources */,
				29B97323FDCFA39411CA2CEA /* Frameworks */,
				19C28FACFE9D520D11CA2CBB /* Products */,
			);
			name = CustomTemplate;
			sourceTree = "<group>";
		};
		29B97315FDCFA39411CA2CEA /* Other Sources */ = {
			isa = PBXGroup;
			children = (
				32CA4F630368D1EE00C91783 /* AACD 2019-Prefix.pch */,
				29B97316FDCFA39411CA2CEA /* main.m */,
				ED33DF2A687741AEAF9F8254 /* Bridging-Header.h */,
			);
			name = "Other Sources";
			path = "AACD 2019";
			sourceTree = "<group>";
		};
		29B97317FDCFA39411CA2CEA /* Resources */ = {
			isa = PBXGroup;
			children = (
				0207DA571B56EA530066E2B4 /* Images.xcassets */,
				3047A50E1AB8057F00498E2A /* config */,
				8D1107310486CEB800E47090 /* AACD 2019-Info.plist */,
				6AFF5BF81D6E424B00AB3073 /* CDVLaunchScreen.storyboard */,
			);
			name = Resources;
			path = "AACD 2019/Resources";
			sourceTree = "<group>";
		};
		29B97323FDCFA39411CA2CEA /* Frameworks */ = {
			isa = PBXGroup;
			children = (
				427210308F504CEB950186F6 /* Security.framework */,
				8CF9276A49C2460E96BD8123 /* SystemConfiguration.framework */,
				1A0039335677485AA661D006 /* ImageIO.framework */,
				A35DF987D3BE4753A529BA3B /* CoreLocation.framework */,
				2436815AFA6E4F5AA1F891B3 /* AVFoundation.framework */,
				BECBBF9488EF4A0AB17B18FF /* MessageUI.framework */,
				267F0CC783DB4D49BE593D44 /* WebKit.framework */,
				DC5295194E57496886D778E6 /* libz.tbd */,
			);
			name = Frameworks;
			sourceTree = "<group>";
		};
		301BF52E109A57CC0062928A /* Products */ = {
			isa = PBXGroup;
			children = (
				301BF535109A57CC0062928A /* libCordova.a */,
				907D8124214C687600058A10 /* Cordova.framework */,
			);
			name = Products;
			sourceTree = "<group>";
		};
		3047A50E1AB8057F00498E2A /* config */ = {
			isa = PBXGroup;
			children = (
				3047A50F1AB8059700498E2A /* build-debug.xcconfig */,
				3047A5101AB8059700498E2A /* build-release.xcconfig */,
				3047A5111AB8059700498E2A /* build.xcconfig */,
			);
			name = config;
			sourceTree = "<group>";
		};
		307C750510C5A3420062BCA9 /* Plugins */ = {
			isa = PBXGroup;
			children = (
				1331F8DB08BD4F668B0F5D14 /* ActionSheet.m */,
				7A8AEE8FEB8F441B84C101FB /* ActionSheet.h */,
				1D4564870631494EAE36FF66 /* CDVFile.m */,
				1102BF8961534B0AA2001697 /* CDVLocalFilesystem.m */,
				5DCAD9BF13D2436D879D96FB /* CDVAssetLibraryFilesystem.m */,
				A62D1C4FCF69400497065CFC /* CDVFile.h */,
				E78AF36BFEC44EE0AC0160C4 /* CDVLocalFilesystem.h */,
				B9C5EE2F54DD486EAA9D7C30 /* CDVAssetLibraryFilesystem.h */,
				AA031580FAB342E0908576B9 /* CordovaHttpPlugin.m */,
				221B48B62D934E8D927DA415 /* TextResponseSerializer.m */,
				F9CB8CED201044A28BEA756C /* TextRequestSerializer.m */,
				1C30D38C73434D2B983D70FC /* AFHTTPSessionManager.m */,
				DEE6CA9800794418BDFADDC4 /* AFNetworkReachabilityManager.m */,
				98830D41A33E4E56AFCBAE65 /* AFSecurityPolicy.m */,
				9CB628D2B6E748C4A8696A9A /* AFURLRequestSerialization.m */,
				58C7897FF14B463CB79E4158 /* AFURLResponseSerialization.m */,
				92BBE54C12B244BD8EB35C80 /* AFURLSessionManager.m */,
				5D30181E7FE84FBA8AFDFC9F /* SDNetworkActivityIndicator.m */,
				40FFAB253DF348E1AC2A49C6 /* CordovaHttpPlugin.h */,
				320808C3F3B6401C96A93E4A /* TextResponseSerializer.h */,
				C9246B857C9842DF82AEE6B8 /* TextRequestSerializer.h */,
				D9ACB0269B3042968268EEDA /* AFHTTPSessionManager.h */,
				272FACA3B7304554A9D346C7 /* AFNetworking.h */,
				E16A44B1D4E5429DB9F6784D /* AFNetworkReachabilityManager.h */,
				5DB88CCAFA104579A29F1C85 /* AFSecurityPolicy.h */,
				72219F95B0D94F18AFCBAB72 /* AFURLRequestSerialization.h */,
				EAE75D2E19D64B4DB80DED17 /* AFURLResponseSerialization.h */,
				4E6E0D214CD1418A8785401C /* AFURLSessionManager.h */,
				433B132816DC41D4864F24D2 /* SDNetworkActivityIndicator.h */,
				145A4BC86127463B92407B2E /* UIImage+CropScaleOrientation.m */,
				D526F4413E34417993A6ACE7 /* CDVCamera.m */,
				FF81DCF0352C469EB4E4F4BA /* CDVJpegHeaderWriter.m */,
				28EC54D2BE064026BAA1AFEA /* UIImage+CropScaleOrientation.h */,
				619DFB77835D4759A4408F07 /* CDVCamera.h */,
				4C85F07B938946A79A82DEB5 /* CDVJpegHeaderWriter.h */,
				C459CE5E6D43471FBBDDAE12 /* CDVExif.h */,
				DE177D211FF74026A8814CD0 /* sqlDB.h */,
				3C29337281F04CD58CB6788B /* sqlDB.m */,
				EBD3F88389B94507AB7B0852 /* CDVDevice.m */,
				59079A9B6D534E4088310C58 /* CDVDevice.h */,
				CFC41F17D9A1481DBB129D15 /* APPEmailComposer.m */,
				02A7CBA95583481192EB097C /* APPEmailComposerImpl.m */,
				1D97B9AB22934D0EBFEBFFEF /* APPEmailComposer.h */,
				909EF25C640D40FF8D7F4DCE /* APPEmailComposerImpl.h */,
				FB895711850A42018CCD9F36 /* FileOpener2.m */,
				42188D456B7F4872AD506967 /* FileOpener2.h */,
				AD325A24D9984EB18A4FF3AA /* CDVFileTransfer.m */,
				4743E55DDD7044909DEE9527 /* CDVFileTransfer.h */,
				38830FFDD8BC46C2BEEC69DE /* CDVLocation.m */,
				6F2D933490BA4EE891FD43D0 /* CDVLocation.h */,
				07558E2FE54E45A2AF261E76 /* CDVInAppBrowser.m */,
				3337CE2FBDCB4960BA155EAE /* CDVInAppBrowser.h */,
				52386723782F4E9A9EA1B1E4 /* CDVSplashScreen.m */,
				7E3BE4D686A5400DA2BC1A09 /* CDVViewController+SplashScreen.m */,
				762BD310F2FF44F29EB876B2 /* CDVSplashScreen.h */,
				CF13D901E9B24433B31E382C /* CDVViewController+SplashScreen.h */,
				D7073BDB91D14818A66B99F2 /* CDVWKWebViewEngine.m */,
				1806941740B14E0185873CCE /* CDVWKWebViewUIDelegate.m */,
				8F1B7532E39742E4A942D292 /* CDVWKProcessPoolFactory.m */,
				048672B401024BA7AA4157D2 /* IONAssetHandler.m */,
				55CCE2FC9FDA457CBC86A0A0 /* GCDWebServer.m */,
				84BBABEB9DEC4D5E9F87AAD6 /* GCDWebServerConnection.m */,
				DABA763D7FAC4BB98C2DDA50 /* GCDWebServerFunctions.m */,
				9E840A22D5EE4AB3AC6EAB51 /* GCDWebServerRequest.m */,
				A6EFDCFF620E46B0A230982E /* GCDWebServerResponse.m */,
				89821896365643B1A5141315 /* GCDWebServerDataRequest.m */,
				BA861BA75073449BB74CB9E3 /* GCDWebServerFileRequest.m */,
				50B288301C624AADA6BF33DB /* GCDWebServerMultiPartFormRequest.m */,
				E7C9F5F264034F7CAB3ABD79 /* GCDWebServerURLEncodedFormRequest.m */,
				9ADFB25A81334C81B0301AC8 /* GCDWebServerDataResponse.m */,
				D0E2C5FBF4E34F1E97449E86 /* GCDWebServerErrorResponse.m */,
				4951955DBD404DDF8CCEB9E0 /* GCDWebServerFileResponse.m */,
				130F37F5E2C94379941DE8C4 /* GCDWebServerStreamedResponse.m */,
				6A39265BEE644772BD4BA2C2 /* CDVWKWebViewEngine.h */,
				B9E627B50ED64EDC9D35769B /* CDVWKWebViewUIDelegate.h */,
				2045C7C56B254D0BA0B2DD58 /* CDVWKProcessPoolFactory.h */,
				6E30862EACB94C82AE2A5A50 /* IONAssetHandler.h */,
				2F62B0A04AA548F5B003895D /* GCDWebServer.h */,
				CE31D839BFE54885ACCA4384 /* GCDWebServerConnection.h */,
				4A7825C1BEFD4447819E00BC /* GCDWebServerFunctions.h */,
				E608D44E995A4F23B295EB5C /* GCDWebServerHTTPStatusCodes.h */,
				962A3A5FED764489B38BCBBD /* GCDWebServerPrivate.h */,
				77A25262A9334978B7E868E5 /* GCDWebServerRequest.h */,
				1C7714B5277D42AABF91D22C /* GCDWebServerResponse.h */,
				43C85359EFCD446C8FF34502 /* GCDWebServerDataRequest.h */,
				0270F856516542E7ACE3691C /* GCDWebServerFileRequest.h */,
				446F25D3453B427ABC75AA28 /* GCDWebServerMultiPartFormRequest.h */,
				C6293FFAA69F4EAA880559CA /* GCDWebServerURLEncodedFormRequest.h */,
				F52389E134EB47A387DDE4B2 /* GCDWebServerDataResponse.h */,
				86DF714DB6EB446084927D4A /* GCDWebServerErrorResponse.h */,
				1D64BE48F2D840BAA80632D6 /* GCDWebServerFileResponse.h */,
				DDE12D9B15A143F998651D0E /* GCDWebServerStreamedResponse.h */,
				D80E9F6A99794122B22982EC /* IonicCordovaCommon.m */,
				FEE09F1F6B6E4A5AAC0F60B9 /* IonicCordovaCommon.h */,
			);
			name = Plugins;
			path = "AACD 2019/Plugins";
			sourceTree = SOURCE_ROOT;
		};
		EB87FDF11871DA420020F90C /* Staging */ = {
			isa = PBXGroup;
			children = (
				F840E1F0165FE0F500CFE078 /* config.xml */,
				301BF56E109A69640062928A /* www */,
			);
			name = Staging;
			sourceTree = "<group>";
		};
/* End PBXGroup section */

/* Begin PBXNativeTarget section */
		1D6058900D05DD3D006BFB54 /* AACD 2019 */ = {
			isa = PBXNativeTarget;
			buildConfigurationList = 1D6058960D05DD3E006BFB54 /* Build configuration list for PBXNativeTarget "AACD 2019" */;
			buildPhases = (
				304B58A110DAC018002A0835 /* Copy www directory */,
				1D60588D0D05DD3D006BFB54 /* Resources */,
				1D60588E0D05DD3D006BFB54 /* Sources */,
				1D60588F0D05DD3D006BFB54 /* Frameworks */,
			);
			buildRules = (
			);
			dependencies = (
				301BF551109A68C00062928A /* PBXTargetDependency */,
			);
			name = "AACD 2019";
			productName = "AACD 2019";
			productReference = 1D6058910D05DD3D006BFB54 /* AACD 2019.app */;
			productType = "com.apple.product-type.application";
		};
/* End PBXNativeTarget section */

/* Begin PBXProject section */
		29B97313FDCFA39411CA2CEA /* Project object */ = {
			isa = PBXProject;
			attributes = {
				LastUpgradeCheck = 510;
				TargetAttributes = {
					1D6058900D05DD3D006BFB54 = {
						ProvisioningStyle = Automatic;
					};
				};
			};
			buildConfigurationList = C01FCF4E08A954540054247B /* Build configuration list for PBXProject "AACD 2019" */;
			compatibilityVersion = "Xcode 3.2";
			developmentRegion = English;
			hasScannedForEncodings = 1;
			mainGroup = 29B97314FDCFA39411CA2CEA /* CustomTemplate */;
			projectDirPath = "";
			projectReferences = (
				{
					ProductGroup = 301BF52E109A57CC0062928A /* Products */;
					ProjectRef = 301BF52D109A57CC0062928A /* CordovaLib.xcodeproj */;
				},
			);
			projectRoot = "";
			targets = (
				1D6058900D05DD3D006BFB54 /* AACD 2019 */,
			);
		};
/* End PBXProject section */

/* Begin PBXReferenceProxy section */
		301BF535109A57CC0062928A /* libCordova.a */ = {
			isa = PBXReferenceProxy;
			fileType = archive.ar;
			path = libCordova.a;
			remoteRef = 301BF534109A57CC0062928A /* PBXContainerItemProxy */;
			sourceTree = BUILT_PRODUCTS_DIR;
		};
		907D8124214C687600058A10 /* Cordova.framework */ = {
			isa = PBXReferenceProxy;
			fileType = wrapper.framework;
			path = Cordova.framework;
			remoteRef = 907D8123214C687600058A10 /* PBXContainerItemProxy */;
			sourceTree = BUILT_PRODUCTS_DIR;
		};
/* End PBXReferenceProxy section */

/* Begin PBXResourcesBuildPhase section */
		1D60588D0D05DD3D006BFB54 /* Resources */ = {
			isa = PBXResourcesBuildPhase;
			buildActionMask = 2147483647;
			files = (
				302D95F214D2391D003F00A1 /* MainViewController.xib in Resources */,
				0207DA581B56EA530066E2B4 /* Images.xcassets in Resources */,
				6AFF5BF91D6E424B00AB3073 /* CDVLaunchScreen.storyboard in Resources */,
			);
			runOnlyForDeploymentPostprocessing = 0;
		};
/* End PBXResourcesBuildPhase section */

/* Begin PBXShellScriptBuildPhase section */
		304B58A110DAC018002A0835 /* Copy www directory */ = {
			isa = PBXShellScriptBuildPhase;
			buildActionMask = 2147483647;
			files = (
			);
			inputPaths = (
			);
			name = "Copy www directory";
			outputPaths = (
			);
			runOnlyForDeploymentPostprocessing = 0;
			shellPath = /bin/sh;
			shellScript = "NODEJS_PATH=/usr/local/bin; NVM_NODE_PATH=~/.nvm/versions/node/`nvm version 2>/dev/null`/bin; N_NODE_PATH=`find /usr/local/n/versions/node/* -maxdepth 0 -type d 2>/dev/null | tail -1`/bin; XCODE_NODE_PATH=`xcode-select --print-path`/usr/share/xcs/Node/bin; PATH=$NODEJS_PATH:$NVM_NODE_PATH:$N_NODE_PATH:$XCODE_NODE_PATH:$PATH && node cordova/lib/copy-www-build-step.js";
			showEnvVarsInLog = 0;
		};
/* End PBXShellScriptBuildPhase section */

/* Begin PBXSourcesBuildPhase section */
		1D60588E0D05DD3D006BFB54 /* Sources */ = {
			isa = PBXSourcesBuildPhase;
			buildActionMask = 2147483647;
			files = (
				1D60589B0D05DD56006BFB54 /* main.m in Sources */,
				1D3623260D0F684500981E51 /* AppDelegate.m in Sources */,
				302D95F114D2391D003F00A1 /* MainViewController.m in Sources */,
				6961CE3233C34DD0BB0B56C0 /* ActionSheet.m in Sources */,
				B5D0BD06D3E348CAA66A4912 /* CDVFile.m in Sources */,
				65A1B5F43B4743A9BECEFC8E /* CDVLocalFilesystem.m in Sources */,
				A75642E109E3434EA9248A77 /* CDVAssetLibraryFilesystem.m in Sources */,
				CE94C86B1D574C68ABA3FFAF /* CordovaHttpPlugin.m in Sources */,
				86546AFFB1564C7299B2175C /* TextResponseSerializer.m in Sources */,
				7E8C75E4C0F04CFB9CA6CD9A /* TextRequestSerializer.m in Sources */,
				1A44351C6DC4412B86F52807 /* AFHTTPSessionManager.m in Sources */,
				70F27CC82BBB4E8DB7F90035 /* AFNetworkReachabilityManager.m in Sources */,
				C75E7D75B35C48FA93CAB26B /* AFSecurityPolicy.m in Sources */,
				7E37DD9C965043B686F95ED7 /* AFURLRequestSerialization.m in Sources */,
				47847BFB49134F79B4573A7A /* AFURLResponseSerialization.m in Sources */,
				330B2C71C2074C4DA27FA20E /* AFURLSessionManager.m in Sources */,
				04358196692843568A039B24 /* SDNetworkActivityIndicator.m in Sources */,
				01DAEF132A7B407195B903EC /* UIImage+CropScaleOrientation.m in Sources */,
				BE47E699E6664C7C857F44D8 /* CDVCamera.m in Sources */,
				76CE7096ED194C7E9756D79D /* CDVJpegHeaderWriter.m in Sources */,
				D1C8F239CBDD41D0B05BD5D8 /* sqlDB.h in Resources */,
				CB2AB34915764EA8B4F32899 /* sqlDB.m in Sources */,
				063174942DED48D0B2BA6C55 /* CDVDevice.m in Sources */,
				4BD7BFC3567748ED851AA1A8 /* APPEmailComposer.m in Sources */,
				F39D2499BA9B4A4D8F999BED /* APPEmailComposerImpl.m in Sources */,
				5F9DCB0765474BA29C77656A /* FileOpener2.m in Sources */,
				A908B513F26149288B178026 /* CDVFileTransfer.m in Sources */,
				A3144D9C528C4E9FBF58113A /* CDVLocation.m in Sources */,
				824AB6A19B924057BB266720 /* CDVInAppBrowser.m in Sources */,
				8729E6C471394EAEA1E1BF06 /* CDVSplashScreen.m in Sources */,
				60300C05647B4504938A6EA9 /* CDVViewController+SplashScreen.m in Sources */,
				4B06013B5BAD46CEBE3021AD /* CDVWKWebViewEngine.m in Sources */,
				1CA0C4F60CA94536B09CDB29 /* CDVWKWebViewUIDelegate.m in Sources */,
				3E6A923EB1EC4512A5080CA3 /* CDVWKProcessPoolFactory.m in Sources */,
				78A920F75DEC46408D15EEF5 /* IONAssetHandler.m in Sources */,
				852725DD99374A5A8009D826 /* GCDWebServer.m in Sources */,
				037B5FC84820430E9208511F /* GCDWebServerConnection.m in Sources */,
				4446C6A0FC4F476CBB911ECF /* GCDWebServerFunctions.m in Sources */,
				E79EC8FE625245D48F4FB517 /* GCDWebServerRequest.m in Sources */,
				89396DF0547C4E14A0732BD8 /* GCDWebServerResponse.m in Sources */,
				696FA3A24D6B4A6BA77E4DA7 /* GCDWebServerDataRequest.m in Sources */,
				B635F297019845FDA3905027 /* GCDWebServerFileRequest.m in Sources */,
				A781DDEFA25E40A59B75559B /* GCDWebServerMultiPartFormRequest.m in Sources */,
				A2306A95FD4842FC93FC92CB /* GCDWebServerURLEncodedFormRequest.m in Sources */,
				7551F2AEF72B432C9660E07B /* GCDWebServerDataResponse.m in Sources */,
				E98B9C8B32BA4D83924CBA3A /* GCDWebServerErrorResponse.m in Sources */,
				9EDC2A42F53744209124741D /* GCDWebServerFileResponse.m in Sources */,
				D792627838EB4B8C81BE0152 /* GCDWebServerStreamedResponse.m in Sources */,
				5895F2C884484EB29CE879E5 /* IonicCordovaCommon.m in Sources */,
			);
			runOnlyForDeploymentPostprocessing = 0;
		};
/* End PBXSourcesBuildPhase section */

/* Begin PBXTargetDependency section */
		301BF551109A68C00062928A /* PBXTargetDependency */ = {
			isa = PBXTargetDependency;
			name = CordovaLib;
			targetProxy = 301BF550109A68C00062928A /* PBXContainerItemProxy */;
		};
/* End PBXTargetDependency section */

/* Begin XCBuildConfiguration section */
		1D6058940D05DD3E006BFB54 /* Debug */ = {
			isa = XCBuildConfiguration;
			baseConfigurationReference = 3047A50F1AB8059700498E2A /* build-debug.xcconfig */;
			buildSettings = {
				ALWAYS_SEARCH_USER_PATHS = NO;
				ASSETCATALOG_COMPILER_APPICON_NAME = AppIcon;
				ASSETCATALOG_COMPILER_LAUNCHIMAGE_NAME = LaunchImage;
				CLANG_ENABLE_MODULES = YES;
				CLANG_ENABLE_OBJC_ARC = YES;
				COPY_PHASE_STRIP = NO;
				GCC_DYNAMIC_NO_PIC = NO;
				GCC_OPTIMIZATION_LEVEL = 0;
				GCC_PRECOMPILE_PREFIX_HEADER = YES;
				GCC_PREFIX_HEADER = "AACD 2019/AACD 2019-Prefix.pch";
				GCC_THUMB_SUPPORT = NO;
				GCC_VERSION = "";
				INFOPLIST_FILE = "AACD 2019/AACD 2019-Info.plist";
				IPHONEOS_DEPLOYMENT_TARGET = 10.0;
				LD_RUNPATH_SEARCH_PATHS = "@executable_path/Frameworks";
				PRODUCT_BUNDLE_IDENTIFIER = com.convergenceus.aacd19;
				PRODUCT_NAME = "$(TARGET_NAME)";
				TARGETED_DEVICE_FAMILY = "1,2";
			};
			name = Debug;
		};
		1D6058950D05DD3E006BFB54 /* Release */ = {
			isa = XCBuildConfiguration;
			baseConfigurationReference = 3047A5101AB8059700498E2A /* build-release.xcconfig */;
			buildSettings = {
				ALWAYS_SEARCH_USER_PATHS = NO;
				ASSETCATALOG_COMPILER_APPICON_NAME = AppIcon;
				ASSETCATALOG_COMPILER_LAUNCHIMAGE_NAME = LaunchImage;
				CLANG_ENABLE_MODULES = YES;
				CLANG_ENABLE_OBJC_ARC = YES;
				COPY_PHASE_STRIP = YES;
				GCC_PRECOMPILE_PREFIX_HEADER = YES;
				GCC_PREFIX_HEADER = "AACD 2019/AACD 2019-Prefix.pch";
				GCC_THUMB_SUPPORT = NO;
				GCC_VERSION = "";
				INFOPLIST_FILE = "AACD 2019/AACD 2019-Info.plist";
				IPHONEOS_DEPLOYMENT_TARGET = 10.0;
				LD_RUNPATH_SEARCH_PATHS = "@executable_path/Frameworks";
				PRODUCT_BUNDLE_IDENTIFIER = com.convergenceus.aacd19;
				PRODUCT_NAME = "$(TARGET_NAME)";
				TARGETED_DEVICE_FAMILY = "1,2";
			};
			name = Release;
		};
		C01FCF4F08A954540054247B /* Debug */ = {
			isa = XCBuildConfiguration;
			baseConfigurationReference = 3047A5111AB8059700498E2A /* build.xcconfig */;
			buildSettings = {
				CLANG_ENABLE_MODULES = YES;
				CLANG_ENABLE_OBJC_ARC = YES;
				CLANG_WARN_BLOCK_CAPTURE_AUTORELEASING = YES;
				CLANG_WARN_BOOL_CONVERSION = YES;
				CLANG_WARN_COMMA = YES;
				CLANG_WARN_CONSTANT_CONVERSION = YES;
				CLANG_WARN_DEPRECATED_OBJC_IMPLEMENTATIONS = YES;
				CLANG_WARN_EMPTY_BODY = YES;
				CLANG_WARN_ENUM_CONVERSION = YES;
				CLANG_WARN_INFINITE_RECURSION = YES;
				CLANG_WARN_INT_CONVERSION = YES;
				CLANG_WARN_NON_LITERAL_NULL_CONVERSION = YES;
				CLANG_WARN_OBJC_IMPLICIT_RETAIN_SELF = YES;
				CLANG_WARN_OBJC_LITERAL_CONVERSION = YES;
				CLANG_WARN_RANGE_LOOP_ANALYSIS = YES;
				CLANG_WARN_STRICT_PROTOTYPES = YES;
				CLANG_WARN_SUSPICIOUS_MOVE = YES;
				CLANG_WARN_UNREACHABLE_CODE = YES;
				CLANG_WARN__DUPLICATE_METHOD_MATCH = YES;
				ENABLE_STRICT_OBJC_MSGSEND = YES;
				ENABLE_TESTABILITY = YES;
				GCC_C_LANGUAGE_STANDARD = c99;
				GCC_NO_COMMON_BLOCKS = YES;
				GCC_THUMB_SUPPORT = NO;
				GCC_VERSION = "";
				GCC_WARN_64_TO_32_BIT_CONVERSION = YES;
				GCC_WARN_ABOUT_RETURN_TYPE = YES;
				GCC_WARN_UNDECLARED_SELECTOR = YES;
				GCC_WARN_UNINITIALIZED_AUTOS = YES;
				GCC_WARN_UNUSED_FUNCTION = YES;
				GCC_WARN_UNUSED_VARIABLE = YES;
				ONLY_ACTIVE_ARCH = YES;
				SDKROOT = iphoneos;
				SKIP_INSTALL = NO;
				PRODUCT_BUNDLE_IDENTIFIER = com.convergenceus.aacd19;
			};
			name = Debug;
		};
		C01FCF5008A954540054247B /* Release */ = {
			isa = XCBuildConfiguration;
			baseConfigurationReference = 3047A5111AB8059700498E2A /* build.xcconfig */;
			buildSettings = {
				CLANG_ENABLE_MODULES = YES;
				CLANG_ENABLE_OBJC_ARC = YES;
				CLANG_WARN_BLOCK_CAPTURE_AUTORELEASING = YES;
				CLANG_WARN_BOOL_CONVERSION = YES;
				CLANG_WARN_COMMA = YES;
				CLANG_WARN_CONSTANT_CONVERSION = YES;
				CLANG_WARN_DEPRECATED_OBJC_IMPLEMENTATIONS = YES;
				CLANG_WARN_EMPTY_BODY = YES;
				CLANG_WARN_ENUM_CONVERSION = YES;
				CLANG_WARN_INFINITE_RECURSION = YES;
				CLANG_WARN_INT_CONVERSION = YES;
				CLANG_WARN_NON_LITERAL_NULL_CONVERSION = YES;
				CLANG_WARN_OBJC_IMPLICIT_RETAIN_SELF = YES;
				CLANG_WARN_OBJC_LITERAL_CONVERSION = YES;
				CLANG_WARN_RANGE_LOOP_ANALYSIS = YES;
				CLANG_WARN_STRICT_PROTOTYPES = YES;
				CLANG_WARN_SUSPICIOUS_MOVE = YES;
				CLANG_WARN_UNREACHABLE_CODE = YES;
				CLANG_WARN__DUPLICATE_METHOD_MATCH = YES;
				ENABLE_STRICT_OBJC_MSGSEND = YES;
				GCC_C_LANGUAGE_STANDARD = c99;
				GCC_NO_COMMON_BLOCKS = YES;
				GCC_THUMB_SUPPORT = NO;
				GCC_VERSION = "";
				GCC_WARN_64_TO_32_BIT_CONVERSION = YES;
				GCC_WARN_ABOUT_RETURN_TYPE = YES;
				GCC_WARN_UNDECLARED_SELECTOR = YES;
				GCC_WARN_UNINITIALIZED_AUTOS = YES;
				GCC_WARN_UNUSED_FUNCTION = YES;
				GCC_WARN_UNUSED_VARIABLE = YES;
				SDKROOT = iphoneos;
				SKIP_INSTALL = NO;
				PRODUCT_BUNDLE_IDENTIFIER = com.convergenceus.aacd19;
			};
			name = Release;
		};
/* End XCBuildConfiguration section */

/* Begin XCConfigurationList section */
		1D6058960D05DD3E006BFB54 /* Build configuration list for PBXNativeTarget "AACD 2019" */ = {
			isa = XCConfigurationList;
			buildConfigurations = (
				1D6058940D05DD3E006BFB54 /* Debug */,
				1D6058950D05DD3E006BFB54 /* Release */,
			);
			defaultConfigurationIsVisible = 0;
			defaultConfigurationName = Release;
		};
		C01FCF4E08A954540054247B /* Build configuration list for PBXProject "AACD 2019" */ = {
			isa = XCConfigurationList;
			buildConfigurations = (
				C01FCF4F08A954540054247B /* Debug */,
				C01FCF5008A954540054247B /* Release */,
			);
			defaultConfigurationIsVisible = 0;
			defaultConfigurationName = Release;
		};
/* End XCConfigurationList section */
	};
	rootObject = 29B97313FDCFA39411CA2CEA /* Project object */;
}
